
Microsoft Visual Studio Solution File, Format Version 12.00
# Visual Studio Version 17
VisualStudioVersion = 17.7.34221.43
MinimumVisualStudioVersion = 10.0.40219.1
Project("{9A19103F-16F7-4668-BE54-9A1E7A4F7556}") = "WebApplicationSample1", "WebApplicationSample1.csproj", "{4BD4DD13-9BC4-4E14-95D8-A81CDFD2FAED}"
EndProject
Project("{FAE04EC0-301F-11D3-BF4B-00C04F79EFBC}") = "WebAPISample", "..\WebApplicationSample\WebAPISample.csproj", "{A2D7C506-2EAD-4761-8CB4-F3D2265A766D}"
EndProject
Global
	GlobalSection(SolutionConfigurationPlatforms) = preSolution
		Debug|Any CPU = Debug|Any CPU
		Release|Any CPU = Release|Any CPU
	EndGlobalSection
	GlobalSection(ProjectConfigurationPlatforms) = postSolution
		{4BD4DD13-9BC4-4E14-95D8-A81CDFD2FAED}.Debug|Any CPU.ActiveCfg = Debug|Any CPU
		{4BD4DD13-9BC4-4E14-95D8-A81CDFD2FAED}.Debug|Any CPU.Build.0 = Debug|Any CPU
		{4BD4DD13-9BC4-4E14-95D8-A81CDFD2FAED}.Release|Any CPU.ActiveCfg = Release|Any CPU
		{4BD4DD13-9BC4-4E14-95D8-A81CDFD2FAED}.Release|Any CPU.Build.0 = Release|Any CPU
		{A2D7C506-2EAD-4761-8CB4-F3D2265A766D}.Debug|Any CPU.ActiveCfg = Debug|Any CPU
		{A2D7C506-2EAD-4761-8CB4-F3D2265A766D}.Debug|Any CPU.Build.0 = Debug|Any CPU
		{A2D7C506-2EAD-4761-8CB4-F3D2265A766D}.Release|Any CPU.ActiveCfg = Release|Any CPU
		{A2D7C506-2EAD-4761-8CB4-F3D2265A766D}.Release|Any CPU.Build.0 = Release|Any CPU
	EndGlobalSection
	GlobalSection(SolutionProperties) = preSolution
		HideSolutionNode = FALSE
	EndGlobalSection
	GlobalSection(ExtensibilityGlobals) = postSolution
		SolutionGuid = {77CEB4E4-679E-4789-8E70-FDC5C467075C}
	EndGlobalSection
EndGlobal
